
Microsoft Visual Studio Solution File, Format Version 12.00
# Visual Studio Version 17
VisualStudioVersion = 17.12.35514.174 d17.12
MinimumVisualStudioVersion = 10.0.40219.1
Project("{FAE04EC0-301F-11D3-BF4B-00C04F79EFBC}") = "Ejercicio1", "Ejercicio1\Ejercicio1.csproj", "{7B23675A-49A9-46E6-8C40-529CF1F5A1BB}"
EndProject
Project("{FAE04EC0-301F-11D3-BF4B-00C04F79EFBC}") = "Ejercicio4", "Ejercicio4\Ejercicio4.csproj", "{A655F267-9D7E-4652-BFDD-9258E918CF06}"
EndProject
Global
	GlobalSection(SolutionConfigurationPlatforms) = preSolution
		Debug|Any CPU = Debug|Any CPU
		Release|Any CPU = Release|Any CPU
	EndGlobalSection
	GlobalSection(ProjectConfigurationPlatforms) = postSolution
		{7B23675A-49A9-46E6-8C40-529CF1F5A1BB}.Debug|Any CPU.ActiveCfg = Debug|Any CPU
		{7B23675A-49A9-46E6-8C40-529CF1F5A1BB}.Debug|Any CPU.Build.0 = Debug|Any CPU
		{7B23675A-49A9-46E6-8C40-529CF1F5A1BB}.Release|Any CPU.ActiveCfg = Release|Any CPU
		{7B23675A-49A9-46E6-8C40-529CF1F5A1BB}.Release|Any CPU.Build.0 = Release|Any CPU
		{A655F267-9D7E-4652-BFDD-9258E918CF06}.Debug|Any CPU.ActiveCfg = Debug|Any CPU
		{A655F267-9D7E-4652-BFDD-9258E918CF06}.Debug|Any CPU.Build.0 = Debug|Any CPU
		{A655F267-9D7E-4652-BFDD-9258E918CF06}.Release|Any CPU.ActiveCfg = Release|Any CPU
		{A655F267-9D7E-4652-BFDD-9258E918CF06}.Release|Any CPU.Build.0 = Release|Any CPU
	EndGlobalSection
	GlobalSection(SolutionProperties) = preSolution
		HideSolutionNode = FALSE
	EndGlobalSection
EndGlobal
